
Microsoft Visual Studio Solution File, Format Version 12.00
# Visual Studio Version 17
VisualStudioVersion = 17.0.31919.166
MinimumVisualStudioVersion = 10.0.40219.1
Project("{9A19103F-16F7-4668-BE54-9A1E7A4F7556}") = "Law.Domain", "LCS.Domain\Law.Domain.csproj", "{541B0D93-7377-46A9-9C5E-94D99445B41E}"
EndProject
Project("{9A19103F-16F7-4668-BE54-9A1E7A4F7556}") = "Law.Application", "LCS.Application\Law.Application.csproj", "{2DCCB435-22FC-4C1B-8A6D-48CA19E20691}"
EndProject
Project("{9A19103F-16F7-4668-BE54-9A1E7A4F7556}") = "Law.Persistence", "LCS.Persistence\Law.Persistence.csproj", "{1B74145C-66F4-4839-8AED-D545FA80536F}"
EndProject
Project("{9A19103F-16F7-4668-BE54-9A1E7A4F7556}") = "Law.Test", "LCS.Test\Law.Test.csproj", "{CF35BE59-759E-4FCB-AD00-FB0FCC51114B}"
EndProject
Project("{2150E333-8FDC-42A3-9474-1A3956D46DE8}") = "ShareResources", "ShareResources", "{23141164-88FB-4B18-B8FB-37CA7A9B1F9A}"
EndProject
Project("{9A19103F-16F7-4668-BE54-9A1E7A4F7556}") = "SimpleMediatR", "SimpleMediatR\SimpleMediatR.csproj", "{EBF81C91-64E2-4351-91F1-4DC7390F7929}"
EndProject
Project("{2150E333-8FDC-42A3-9474-1A3956D46DE8}") = "Infrastuctrure", "Infrastuctrure", "{D133E534-B847-489E-A989-D8F05C3083D9}"
EndProject
Project("{9A19103F-16F7-4668-BE54-9A1E7A4F7556}") = "ConsultancySystem.WebApi", "LCS.WebApi\ConsultancySystem.WebApi.csproj", "{9D03A2A4-362B-4720-ABA6-201EBDFF3EF2}"
EndProject
Project("{9A19103F-16F7-4668-BE54-9A1E7A4F7556}") = "User.Application", "Auth\User.Application.csproj", "{38E65B19-B521-4FF4-8C01-A5FF2BD1D2D2}"
EndProject
Project("{2150E333-8FDC-42A3-9474-1A3956D46DE8}") = "UserModule", "UserModule", "{860216EA-DF86-45C7-9E16-F7935C3EBB4F}"
EndProject
Project("{2150E333-8FDC-42A3-9474-1A3956D46DE8}") = "LawModule", "LawModule", "{4A235E81-33B9-4E63-AAD1-38E46DDF5CE0}"
EndProject
Project("{2150E333-8FDC-42A3-9474-1A3956D46DE8}") = "Test", "Test", "{1B324977-5DFC-4A96-9595-E73CE5C3769D}"
EndProject
Project("{2150E333-8FDC-42A3-9474-1A3956D46DE8}") = "Core", "Core", "{2311FC3E-710C-42EE-A461-41DB95C32BC9}"
EndProject
Project("{2150E333-8FDC-42A3-9474-1A3956D46DE8}") = "Infrastuctrure", "Infrastuctrure", "{CD338516-CBC6-44F2-8070-21EC610FA4CF}"
EndProject
Project("{9A19103F-16F7-4668-BE54-9A1E7A4F7556}") = "User.Persistence", "User.Persistence\User.Persistence.csproj", "{B88D9A9F-2380-47BC-8B88-4AE90EE1067F}"
EndProject
Project("{2150E333-8FDC-42A3-9474-1A3956D46DE8}") = "Core", "Core", "{8245E135-69E4-4872-8783-996F90B77980}"
EndProject
Project("{9A19103F-16F7-4668-BE54-9A1E7A4F7556}") = "ShareServices", "LCS.Message\ShareServices.csproj", "{BB6C65E4-387E-4D2D-86C7-3CFA6C62146B}"
EndProject
Project("{9A19103F-16F7-4668-BE54-9A1E7A4F7556}") = "Utilities", "Utilities\Utilities.csproj", "{0A49EF46-50E6-4B1F-8451-FBD7A107559F}"
EndProject
Project("{2150E333-8FDC-42A3-9474-1A3956D46DE8}") = "Src", "Src", "{2C097678-83B8-4AC5-881C-D689B604001E}"
EndProject
Project("{2150E333-8FDC-42A3-9474-1A3956D46DE8}") = "Utilities", "Utilities", "{9DB68A7F-BCEA-43E1-8591-E5A58174D199}"
EndProject
Global
	GlobalSection(SolutionConfigurationPlatforms) = preSolution
		Debug|Any CPU = Debug|Any CPU
		Release|Any CPU = Release|Any CPU
	EndGlobalSection
	GlobalSection(ProjectConfigurationPlatforms) = postSolution
		{541B0D93-7377-46A9-9C5E-94D99445B41E}.Debug|Any CPU.ActiveCfg = Debug|Any CPU
		{541B0D93-7377-46A9-9C5E-94D99445B41E}.Debug|Any CPU.Build.0 = Debug|Any CPU
		{541B0D93-7377-46A9-9C5E-94D99445B41E}.Release|Any CPU.ActiveCfg = Release|Any CPU
		{541B0D93-7377-46A9-9C5E-94D99445B41E}.Release|Any CPU.Build.0 = Release|Any CPU
		{2DCCB435-22FC-4C1B-8A6D-48CA19E20691}.Debug|Any CPU.ActiveCfg = Debug|Any CPU
		{2DCCB435-22FC-4C1B-8A6D-48CA19E20691}.Debug|Any CPU.Build.0 = Debug|Any CPU
		{2DCCB435-22FC-4C1B-8A6D-48CA19E20691}.Release|Any CPU.ActiveCfg = Release|Any CPU
		{2DCCB435-22FC-4C1B-8A6D-48CA19E20691}.Release|Any CPU.Build.0 = Release|Any CPU
		{1B74145C-66F4-4839-8AED-D545FA80536F}.Debug|Any CPU.ActiveCfg = Debug|Any CPU
		{1B74145C-66F4-4839-8AED-D545FA80536F}.Debug|Any CPU.Build.0 = Debug|Any CPU
		{1B74145C-66F4-4839-8AED-D545FA80536F}.Release|Any CPU.ActiveCfg = Release|Any CPU
		{1B74145C-66F4-4839-8AED-D545FA80536F}.Release|Any CPU.Build.0 = Release|Any CPU
		{CF35BE59-759E-4FCB-AD00-FB0FCC51114B}.Debug|Any CPU.ActiveCfg = Debug|Any CPU
		{CF35BE59-759E-4FCB-AD00-FB0FCC51114B}.Debug|Any CPU.Build.0 = Debug|Any CPU
		{CF35BE59-759E-4FCB-AD00-FB0FCC51114B}.Release|Any CPU.ActiveCfg = Release|Any CPU
		{CF35BE59-759E-4FCB-AD00-FB0FCC51114B}.Release|Any CPU.Build.0 = Release|Any CPU
		{EBF81C91-64E2-4351-91F1-4DC7390F7929}.Debug|Any CPU.ActiveCfg = Debug|Any CPU
		{EBF81C91-64E2-4351-91F1-4DC7390F7929}.Debug|Any CPU.Build.0 = Debug|Any CPU
		{EBF81C91-64E2-4351-91F1-4DC7390F7929}.Release|Any CPU.ActiveCfg = Release|Any CPU
		{EBF81C91-64E2-4351-91F1-4DC7390F7929}.Release|Any CPU.Build.0 = Release|Any CPU
		{9D03A2A4-362B-4720-ABA6-201EBDFF3EF2}.Debug|Any CPU.ActiveCfg = Debug|Any CPU
		{9D03A2A4-362B-4720-ABA6-201EBDFF3EF2}.Debug|Any CPU.Build.0 = Debug|Any CPU
		{9D03A2A4-362B-4720-ABA6-201EBDFF3EF2}.Release|Any CPU.ActiveCfg = Release|Any CPU
		{9D03A2A4-362B-4720-ABA6-201EBDFF3EF2}.Release|Any CPU.Build.0 = Release|Any CPU
		{38E65B19-B521-4FF4-8C01-A5FF2BD1D2D2}.Debug|Any CPU.ActiveCfg = Debug|Any CPU
		{38E65B19-B521-4FF4-8C01-A5FF2BD1D2D2}.Debug|Any CPU.Build.0 = Debug|Any CPU
		{38E65B19-B521-4FF4-8C01-A5FF2BD1D2D2}.Release|Any CPU.ActiveCfg = Release|Any CPU
		{38E65B19-B521-4FF4-8C01-A5FF2BD1D2D2}.Release|Any CPU.Build.0 = Release|Any CPU
		{B88D9A9F-2380-47BC-8B88-4AE90EE1067F}.Debug|Any CPU.ActiveCfg = Debug|Any CPU
		{B88D9A9F-2380-47BC-8B88-4AE90EE1067F}.Debug|Any CPU.Build.0 = Debug|Any CPU
		{B88D9A9F-2380-47BC-8B88-4AE90EE1067F}.Release|Any CPU.ActiveCfg = Release|Any CPU
		{B88D9A9F-2380-47BC-8B88-4AE90EE1067F}.Release|Any CPU.Build.0 = Release|Any CPU
		{BB6C65E4-387E-4D2D-86C7-3CFA6C62146B}.Debug|Any CPU.ActiveCfg = Debug|Any CPU
		{BB6C65E4-387E-4D2D-86C7-3CFA6C62146B}.Debug|Any CPU.Build.0 = Debug|Any CPU
		{BB6C65E4-387E-4D2D-86C7-3CFA6C62146B}.Release|Any CPU.ActiveCfg = Release|Any CPU
		{BB6C65E4-387E-4D2D-86C7-3CFA6C62146B}.Release|Any CPU.Build.0 = Release|Any CPU
		{0A49EF46-50E6-4B1F-8451-FBD7A107559F}.Debug|Any CPU.ActiveCfg = Debug|Any CPU
		{0A49EF46-50E6-4B1F-8451-FBD7A107559F}.Debug|Any CPU.Build.0 = Debug|Any CPU
		{0A49EF46-50E6-4B1F-8451-FBD7A107559F}.Release|Any CPU.ActiveCfg = Release|Any CPU
		{0A49EF46-50E6-4B1F-8451-FBD7A107559F}.Release|Any CPU.Build.0 = Release|Any CPU
	EndGlobalSection
	GlobalSection(SolutionProperties) = preSolution
		HideSolutionNode = FALSE
	EndGlobalSection
	GlobalSection(NestedProjects) = preSolution
		{541B0D93-7377-46A9-9C5E-94D99445B41E} = {8245E135-69E4-4872-8783-996F90B77980}
		{2DCCB435-22FC-4C1B-8A6D-48CA19E20691} = {8245E135-69E4-4872-8783-996F90B77980}
		{1B74145C-66F4-4839-8AED-D545FA80536F} = {D133E534-B847-489E-A989-D8F05C3083D9}
		{CF35BE59-759E-4FCB-AD00-FB0FCC51114B} = {1B324977-5DFC-4A96-9595-E73CE5C3769D}
		{23141164-88FB-4B18-B8FB-37CA7A9B1F9A} = {2C097678-83B8-4AC5-881C-D689B604001E}
		{EBF81C91-64E2-4351-91F1-4DC7390F7929} = {9DB68A7F-BCEA-43E1-8591-E5A58174D199}
		{D133E534-B847-489E-A989-D8F05C3083D9} = {4A235E81-33B9-4E63-AAD1-38E46DDF5CE0}
		{9D03A2A4-362B-4720-ABA6-201EBDFF3EF2} = {2C097678-83B8-4AC5-881C-D689B604001E}
		{38E65B19-B521-4FF4-8C01-A5FF2BD1D2D2} = {2311FC3E-710C-42EE-A461-41DB95C32BC9}
		{860216EA-DF86-45C7-9E16-F7935C3EBB4F} = {2C097678-83B8-4AC5-881C-D689B604001E}
		{4A235E81-33B9-4E63-AAD1-38E46DDF5CE0} = {2C097678-83B8-4AC5-881C-D689B604001E}
		{2311FC3E-710C-42EE-A461-41DB95C32BC9} = {860216EA-DF86-45C7-9E16-F7935C3EBB4F}
		{CD338516-CBC6-44F2-8070-21EC610FA4CF} = {860216EA-DF86-45C7-9E16-F7935C3EBB4F}
		{B88D9A9F-2380-47BC-8B88-4AE90EE1067F} = {CD338516-CBC6-44F2-8070-21EC610FA4CF}
		{8245E135-69E4-4872-8783-996F90B77980} = {4A235E81-33B9-4E63-AAD1-38E46DDF5CE0}
		{BB6C65E4-387E-4D2D-86C7-3CFA6C62146B} = {23141164-88FB-4B18-B8FB-37CA7A9B1F9A}
		{0A49EF46-50E6-4B1F-8451-FBD7A107559F} = {23141164-88FB-4B18-B8FB-37CA7A9B1F9A}
		{9DB68A7F-BCEA-43E1-8591-E5A58174D199} = {4A235E81-33B9-4E63-AAD1-38E46DDF5CE0}
	EndGlobalSection
	GlobalSection(ExtensibilityGlobals) = postSolution
		SolutionGuid = {D5342453-8962-4747-BCA4-AC26A5C3C5DA}
	EndGlobalSection
EndGlobal
