
Microsoft Visual Studio Solution File, Format Version 12.00
# Visual Studio Version 17
VisualStudioVersion = 17.0.31919.166
MinimumVisualStudioVersion = 10.0.40219.1
Project("{2150E333-8FDC-42A3-9474-1A3956D46DE8}") = "ShareResources", "ShareResources", "{23141164-88FB-4B18-B8FB-37CA7A9B1F9A}"
EndProject
Project("{2150E333-8FDC-42A3-9474-1A3956D46DE8}") = "Infrastuctrure", "Infrastuctrure", "{D133E534-B847-489E-A989-D8F05C3083D9}"
EndProject
Project("{2150E333-8FDC-42A3-9474-1A3956D46DE8}") = "UserModule", "UserModule", "{860216EA-DF86-45C7-9E16-F7935C3EBB4F}"
EndProject
Project("{2150E333-8FDC-42A3-9474-1A3956D46DE8}") = "LawModule", "LawModule", "{4A235E81-33B9-4E63-AAD1-38E46DDF5CE0}"
EndProject
Project("{2150E333-8FDC-42A3-9474-1A3956D46DE8}") = "Test", "Test", "{1B324977-5DFC-4A96-9595-E73CE5C3769D}"
EndProject
Project("{2150E333-8FDC-42A3-9474-1A3956D46DE8}") = "Core", "Core", "{2311FC3E-710C-42EE-A461-41DB95C32BC9}"
EndProject
Project("{2150E333-8FDC-42A3-9474-1A3956D46DE8}") = "Infrastuctrure", "Infrastuctrure", "{CD338516-CBC6-44F2-8070-21EC610FA4CF}"
EndProject
Project("{2150E333-8FDC-42A3-9474-1A3956D46DE8}") = "Core", "Core", "{8245E135-69E4-4872-8783-996F90B77980}"
EndProject
Project("{2150E333-8FDC-42A3-9474-1A3956D46DE8}") = "Src", "Src", "{2C097678-83B8-4AC5-881C-D689B604001E}"
EndProject
Project("{2150E333-8FDC-42A3-9474-1A3956D46DE8}") = "Utilities", "Utilities", "{9DB68A7F-BCEA-43E1-8591-E5A58174D199}"
EndProject
Project("{9A19103F-16F7-4668-BE54-9A1E7A4F7556}") = "Law.Test", "Test\Law.Test\Law.Test.csproj", "{DA593D16-58AA-46B4-9B03-4543E9C9412E}"
EndProject
Project("{9A19103F-16F7-4668-BE54-9A1E7A4F7556}") = "Law.Application", "src\LawModule\Core\Law.Application\Law.Application.csproj", "{9428CDE3-1CC3-43FD-80F1-88D04DB52FB2}"
EndProject
Project("{9A19103F-16F7-4668-BE54-9A1E7A4F7556}") = "Law.Domain", "src\LawModule\Core\Law.Domain\Law.Domain.csproj", "{2AF55A0C-8B8F-4531-BFD1-626C7DD779E7}"
EndProject
Project("{9A19103F-16F7-4668-BE54-9A1E7A4F7556}") = "Law.Persistence", "src\LawModule\Infractructure\Law.Persistence\Law.Persistence.csproj", "{EE77E14B-428E-4398-B0E8-0684D1F47DC6}"
EndProject
Project("{9A19103F-16F7-4668-BE54-9A1E7A4F7556}") = "SimpleMediatR", "src\LawModule\Utilities\SimpleMediatR\SimpleMediatR.csproj", "{1E88D373-5800-4787-AD8F-4B9AA8EA3102}"
EndProject
Project("{9A19103F-16F7-4668-BE54-9A1E7A4F7556}") = "ShareServices", "src\ShareResource\ShareService\ShareServices.csproj", "{AF8CFA8A-55CA-4AA1-9A78-80A0E02A5002}"
EndProject
Project("{9A19103F-16F7-4668-BE54-9A1E7A4F7556}") = "Utilities", "src\ShareResource\Utilities\Utilities.csproj", "{1F062AB1-5016-45B4-A641-16B026B18C35}"
EndProject
Project("{9A19103F-16F7-4668-BE54-9A1E7A4F7556}") = "User.Application", "src\UserModule\User.Appication\User.Application.csproj", "{61E52FCB-40E7-4EE2-A850-A52745A7859A}"
EndProject
Project("{9A19103F-16F7-4668-BE54-9A1E7A4F7556}") = "User.Persistence", "src\UserModule\User.Persistence\User.Persistence.csproj", "{0E089B75-E77B-4E3A-B930-B3DEACCF535B}"
EndProject
Project("{9A19103F-16F7-4668-BE54-9A1E7A4F7556}") = "ConsultancySystem.WebApi", "src\ConsultingSystem.WebApi\ConsultancySystem.WebApi.csproj", "{D751987F-D7EE-4D88-9D0B-6B588F925F09}"
EndProject
Global
	GlobalSection(SolutionConfigurationPlatforms) = preSolution
		Debug|Any CPU = Debug|Any CPU
		Release|Any CPU = Release|Any CPU
	EndGlobalSection
	GlobalSection(ProjectConfigurationPlatforms) = postSolution
		{DA593D16-58AA-46B4-9B03-4543E9C9412E}.Debug|Any CPU.ActiveCfg = Debug|Any CPU
		{DA593D16-58AA-46B4-9B03-4543E9C9412E}.Debug|Any CPU.Build.0 = Debug|Any CPU
		{DA593D16-58AA-46B4-9B03-4543E9C9412E}.Release|Any CPU.ActiveCfg = Release|Any CPU
		{DA593D16-58AA-46B4-9B03-4543E9C9412E}.Release|Any CPU.Build.0 = Release|Any CPU
		{9428CDE3-1CC3-43FD-80F1-88D04DB52FB2}.Debug|Any CPU.ActiveCfg = Debug|Any CPU
		{9428CDE3-1CC3-43FD-80F1-88D04DB52FB2}.Debug|Any CPU.Build.0 = Debug|Any CPU
		{9428CDE3-1CC3-43FD-80F1-88D04DB52FB2}.Release|Any CPU.ActiveCfg = Release|Any CPU
		{9428CDE3-1CC3-43FD-80F1-88D04DB52FB2}.Release|Any CPU.Build.0 = Release|Any CPU
		{2AF55A0C-8B8F-4531-BFD1-626C7DD779E7}.Debug|Any CPU.ActiveCfg = Debug|Any CPU
		{2AF55A0C-8B8F-4531-BFD1-626C7DD779E7}.Debug|Any CPU.Build.0 = Debug|Any CPU
		{2AF55A0C-8B8F-4531-BFD1-626C7DD779E7}.Release|Any CPU.ActiveCfg = Release|Any CPU
		{2AF55A0C-8B8F-4531-BFD1-626C7DD779E7}.Release|Any CPU.Build.0 = Release|Any CPU
		{EE77E14B-428E-4398-B0E8-0684D1F47DC6}.Debug|Any CPU.ActiveCfg = Debug|Any CPU
		{EE77E14B-428E-4398-B0E8-0684D1F47DC6}.Debug|Any CPU.Build.0 = Debug|Any CPU
		{EE77E14B-428E-4398-B0E8-0684D1F47DC6}.Release|Any CPU.ActiveCfg = Release|Any CPU
		{EE77E14B-428E-4398-B0E8-0684D1F47DC6}.Release|Any CPU.Build.0 = Release|Any CPU
		{1E88D373-5800-4787-AD8F-4B9AA8EA3102}.Debug|Any CPU.ActiveCfg = Debug|Any CPU
		{1E88D373-5800-4787-AD8F-4B9AA8EA3102}.Debug|Any CPU.Build.0 = Debug|Any CPU
		{1E88D373-5800-4787-AD8F-4B9AA8EA3102}.Release|Any CPU.ActiveCfg = Release|Any CPU
		{1E88D373-5800-4787-AD8F-4B9AA8EA3102}.Release|Any CPU.Build.0 = Release|Any CPU
		{AF8CFA8A-55CA-4AA1-9A78-80A0E02A5002}.Debug|Any CPU.ActiveCfg = Debug|Any CPU
		{AF8CFA8A-55CA-4AA1-9A78-80A0E02A5002}.Debug|Any CPU.Build.0 = Debug|Any CPU
		{AF8CFA8A-55CA-4AA1-9A78-80A0E02A5002}.Release|Any CPU.ActiveCfg = Release|Any CPU
		{AF8CFA8A-55CA-4AA1-9A78-80A0E02A5002}.Release|Any CPU.Build.0 = Release|Any CPU
		{1F062AB1-5016-45B4-A641-16B026B18C35}.Debug|Any CPU.ActiveCfg = Debug|Any CPU
		{1F062AB1-5016-45B4-A641-16B026B18C35}.Debug|Any CPU.Build.0 = Debug|Any CPU
		{1F062AB1-5016-45B4-A641-16B026B18C35}.Release|Any CPU.ActiveCfg = Release|Any CPU
		{1F062AB1-5016-45B4-A641-16B026B18C35}.Release|Any CPU.Build.0 = Release|Any CPU
		{61E52FCB-40E7-4EE2-A850-A52745A7859A}.Debug|Any CPU.ActiveCfg = Debug|Any CPU
		{61E52FCB-40E7-4EE2-A850-A52745A7859A}.Debug|Any CPU.Build.0 = Debug|Any CPU
		{61E52FCB-40E7-4EE2-A850-A52745A7859A}.Release|Any CPU.ActiveCfg = Release|Any CPU
		{61E52FCB-40E7-4EE2-A850-A52745A7859A}.Release|Any CPU.Build.0 = Release|Any CPU
		{0E089B75-E77B-4E3A-B930-B3DEACCF535B}.Debug|Any CPU.ActiveCfg = Debug|Any CPU
		{0E089B75-E77B-4E3A-B930-B3DEACCF535B}.Debug|Any CPU.Build.0 = Debug|Any CPU
		{0E089B75-E77B-4E3A-B930-B3DEACCF535B}.Release|Any CPU.ActiveCfg = Release|Any CPU
		{0E089B75-E77B-4E3A-B930-B3DEACCF535B}.Release|Any CPU.Build.0 = Release|Any CPU
		{D751987F-D7EE-4D88-9D0B-6B588F925F09}.Debug|Any CPU.ActiveCfg = Debug|Any CPU
		{D751987F-D7EE-4D88-9D0B-6B588F925F09}.Debug|Any CPU.Build.0 = Debug|Any CPU
		{D751987F-D7EE-4D88-9D0B-6B588F925F09}.Release|Any CPU.ActiveCfg = Release|Any CPU
		{D751987F-D7EE-4D88-9D0B-6B588F925F09}.Release|Any CPU.Build.0 = Release|Any CPU
	EndGlobalSection
	GlobalSection(SolutionProperties) = preSolution
		HideSolutionNode = FALSE
	EndGlobalSection
	GlobalSection(NestedProjects) = preSolution
		{23141164-88FB-4B18-B8FB-37CA7A9B1F9A} = {2C097678-83B8-4AC5-881C-D689B604001E}
		{D133E534-B847-489E-A989-D8F05C3083D9} = {4A235E81-33B9-4E63-AAD1-38E46DDF5CE0}
		{860216EA-DF86-45C7-9E16-F7935C3EBB4F} = {2C097678-83B8-4AC5-881C-D689B604001E}
		{4A235E81-33B9-4E63-AAD1-38E46DDF5CE0} = {2C097678-83B8-4AC5-881C-D689B604001E}
		{2311FC3E-710C-42EE-A461-41DB95C32BC9} = {860216EA-DF86-45C7-9E16-F7935C3EBB4F}
		{CD338516-CBC6-44F2-8070-21EC610FA4CF} = {860216EA-DF86-45C7-9E16-F7935C3EBB4F}
		{8245E135-69E4-4872-8783-996F90B77980} = {4A235E81-33B9-4E63-AAD1-38E46DDF5CE0}
		{9DB68A7F-BCEA-43E1-8591-E5A58174D199} = {4A235E81-33B9-4E63-AAD1-38E46DDF5CE0}
		{DA593D16-58AA-46B4-9B03-4543E9C9412E} = {1B324977-5DFC-4A96-9595-E73CE5C3769D}
		{9428CDE3-1CC3-43FD-80F1-88D04DB52FB2} = {8245E135-69E4-4872-8783-996F90B77980}
		{2AF55A0C-8B8F-4531-BFD1-626C7DD779E7} = {8245E135-69E4-4872-8783-996F90B77980}
		{EE77E14B-428E-4398-B0E8-0684D1F47DC6} = {D133E534-B847-489E-A989-D8F05C3083D9}
		{1E88D373-5800-4787-AD8F-4B9AA8EA3102} = {9DB68A7F-BCEA-43E1-8591-E5A58174D199}
		{AF8CFA8A-55CA-4AA1-9A78-80A0E02A5002} = {23141164-88FB-4B18-B8FB-37CA7A9B1F9A}
		{1F062AB1-5016-45B4-A641-16B026B18C35} = {23141164-88FB-4B18-B8FB-37CA7A9B1F9A}
		{61E52FCB-40E7-4EE2-A850-A52745A7859A} = {2311FC3E-710C-42EE-A461-41DB95C32BC9}
		{0E089B75-E77B-4E3A-B930-B3DEACCF535B} = {CD338516-CBC6-44F2-8070-21EC610FA4CF}
		{D751987F-D7EE-4D88-9D0B-6B588F925F09} = {2C097678-83B8-4AC5-881C-D689B604001E}
	EndGlobalSection
	GlobalSection(ExtensibilityGlobals) = postSolution
		SolutionGuid = {D5342453-8962-4747-BCA4-AC26A5C3C5DA}
	EndGlobalSection
EndGlobal
